
Microsoft Visual Studio Solution File, Format Version 12.00
# Visual Studio 2013
VisualStudioVersion = 12.0.31101.0
MinimumVisualStudioVersion = 10.0.40219.1
Project("{FAE04EC0-301F-11D3-BF4B-00C04F79EFBC}") = "ObservableCollections", "ObservableCollections\ObservableCollections.csproj", "{2D14A9E8-9DBC-4D9C-AAC7-C6DC28F2C37E}"
EndProject
Project("{FAE04EC0-301F-11D3-BF4B-00C04F79EFBC}") = "homework01", "homework01\homework01.csproj", "{EFE58BCC-7808-4B0B-9D19-79313F4A2663}"
EndProject
Project("{FAE04EC0-301F-11D3-BF4B-00C04F79EFBC}") = "BouncingBallSample", "BouncingBallSample\BouncingBallSample\BouncingBallSample.csproj", "{F027A887-E4E1-4F56-98E3-0CCDB851E763}"
EndProject
Project("{FAE04EC0-301F-11D3-BF4B-00C04F79EFBC}") = "WPFDialogs", "WPFDialogs\WPFDialogs\WPFDialogs\WPFDialogs.csproj", "{126E3D1C-283B-4589-9413-EE691521AF31}"
EndProject
Project("{FAE04EC0-301F-11D3-BF4B-00C04F79EFBC}") = "SampleThread", "SampleThread\SampleThread.csproj", "{469005C8-9002-4946-B015-46F92F6B7A00}"
EndProject
Project("{FAE04EC0-301F-11D3-BF4B-00C04F79EFBC}") = "ThreadedBouncingBall", "ThreadedBouncingBall\ThreadedBouncingBall.csproj", "{452D1D4A-F4AE-4D09-A607-611A356D08C1}"
EndProject
Project("{FAE04EC0-301F-11D3-BF4B-00C04F79EFBC}") = "SampleUDPPeer", "SampleUDPPeer\SampleUDPPeer.csproj", "{EA90B665-D77C-401F-B0F4-EDE4F9225950}"
EndProject
Project("{FAE04EC0-301F-11D3-BF4B-00C04F79EFBC}") = "Homework03", "Homework03\Homework03.csproj", "{23D4592D-723D-42F2-9DD2-F9DBD5E39CE3}"
EndProject
Global
	GlobalSection(SolutionConfigurationPlatforms) = preSolution
		Debug|Any CPU = Debug|Any CPU
		Release|Any CPU = Release|Any CPU
	EndGlobalSection
	GlobalSection(ProjectConfigurationPlatforms) = postSolution
		{2D14A9E8-9DBC-4D9C-AAC7-C6DC28F2C37E}.Debug|Any CPU.ActiveCfg = Debug|Any CPU
		{2D14A9E8-9DBC-4D9C-AAC7-C6DC28F2C37E}.Debug|Any CPU.Build.0 = Debug|Any CPU
		{2D14A9E8-9DBC-4D9C-AAC7-C6DC28F2C37E}.Release|Any CPU.ActiveCfg = Release|Any CPU
		{2D14A9E8-9DBC-4D9C-AAC7-C6DC28F2C37E}.Release|Any CPU.Build.0 = Release|Any CPU
		{EFE58BCC-7808-4B0B-9D19-79313F4A2663}.Debug|Any CPU.ActiveCfg = Debug|Any CPU
		{EFE58BCC-7808-4B0B-9D19-79313F4A2663}.Debug|Any CPU.Build.0 = Debug|Any CPU
		{EFE58BCC-7808-4B0B-9D19-79313F4A2663}.Release|Any CPU.ActiveCfg = Release|Any CPU
		{EFE58BCC-7808-4B0B-9D19-79313F4A2663}.Release|Any CPU.Build.0 = Release|Any CPU
		{F027A887-E4E1-4F56-98E3-0CCDB851E763}.Debug|Any CPU.ActiveCfg = Debug|Any CPU
		{F027A887-E4E1-4F56-98E3-0CCDB851E763}.Debug|Any CPU.Build.0 = Debug|Any CPU
		{F027A887-E4E1-4F56-98E3-0CCDB851E763}.Release|Any CPU.ActiveCfg = Release|Any CPU
		{F027A887-E4E1-4F56-98E3-0CCDB851E763}.Release|Any CPU.Build.0 = Release|Any CPU
		{126E3D1C-283B-4589-9413-EE691521AF31}.Debug|Any CPU.ActiveCfg = Debug|Any CPU
		{126E3D1C-283B-4589-9413-EE691521AF31}.Debug|Any CPU.Build.0 = Debug|Any CPU
		{126E3D1C-283B-4589-9413-EE691521AF31}.Release|Any CPU.ActiveCfg = Release|Any CPU
		{126E3D1C-283B-4589-9413-EE691521AF31}.Release|Any CPU.Build.0 = Release|Any CPU
		{469005C8-9002-4946-B015-46F92F6B7A00}.Debug|Any CPU.ActiveCfg = Debug|Any CPU
		{469005C8-9002-4946-B015-46F92F6B7A00}.Debug|Any CPU.Build.0 = Debug|Any CPU
		{469005C8-9002-4946-B015-46F92F6B7A00}.Release|Any CPU.ActiveCfg = Release|Any CPU
		{469005C8-9002-4946-B015-46F92F6B7A00}.Release|Any CPU.Build.0 = Release|Any CPU
		{452D1D4A-F4AE-4D09-A607-611A356D08C1}.Debug|Any CPU.ActiveCfg = Debug|Any CPU
		{452D1D4A-F4AE-4D09-A607-611A356D08C1}.Debug|Any CPU.Build.0 = Debug|Any CPU
		{452D1D4A-F4AE-4D09-A607-611A356D08C1}.Release|Any CPU.ActiveCfg = Release|Any CPU
		{452D1D4A-F4AE-4D09-A607-611A356D08C1}.Release|Any CPU.Build.0 = Release|Any CPU
		{EA90B665-D77C-401F-B0F4-EDE4F9225950}.Debug|Any CPU.ActiveCfg = Debug|Any CPU
		{EA90B665-D77C-401F-B0F4-EDE4F9225950}.Debug|Any CPU.Build.0 = Debug|Any CPU
		{EA90B665-D77C-401F-B0F4-EDE4F9225950}.Release|Any CPU.ActiveCfg = Release|Any CPU
		{EA90B665-D77C-401F-B0F4-EDE4F9225950}.Release|Any CPU.Build.0 = Release|Any CPU
		{23D4592D-723D-42F2-9DD2-F9DBD5E39CE3}.Debug|Any CPU.ActiveCfg = Debug|Any CPU
		{23D4592D-723D-42F2-9DD2-F9DBD5E39CE3}.Debug|Any CPU.Build.0 = Debug|Any CPU
		{23D4592D-723D-42F2-9DD2-F9DBD5E39CE3}.Release|Any CPU.ActiveCfg = Release|Any CPU
		{23D4592D-723D-42F2-9DD2-F9DBD5E39CE3}.Release|Any CPU.Build.0 = Release|Any CPU
	EndGlobalSection
	GlobalSection(SolutionProperties) = preSolution
		HideSolutionNode = FALSE
	EndGlobalSection
EndGlobal
